// !$*UTF8*$!
{
	archiveVersion = 1;
	classes = {
	};
	objectVersion = 56;
	objects = {

/* Begin PBXBuildFile section */
		BC090F5A2B3D1DD100ABFC14 /* WinningStack.swift in Sources */ = {isa = PBXBuildFile; fileRef = BC090F592B3D1DD100ABFC14 /* WinningStack.swift */; };
		BC090F5C2B3D1DDB00ABFC14 /* Help.swift in Sources */ = {isa = PBXBuildFile; fileRef = BC090F5B2B3D1DDB00ABFC14 /* Help.swift */; };
		BC090F5E2B3D1DE700ABFC14 /* CardView.swift in Sources */ = {isa = PBXBuildFile; fileRef = BC090F5D2B3D1DE700ABFC14 /* CardView.swift */; };
		BC090F602B3D1DF500ABFC14 /* EmptyCard.swift in Sources */ = {isa = PBXBuildFile; fileRef = BC090F5F2B3D1DF500ABFC14 /* EmptyCard.swift */; };
		BC090F622B3D1E0200ABFC14 /* BackCardView.swift in Sources */ = {isa = PBXBuildFile; fileRef = BC090F612B3D1E0200ABFC14 /* BackCardView.swift */; };
		BC0A1F672B38C6CD00CA7AB8 /* Message Reader.swift in Sources */ = {isa = PBXBuildFile; fileRef = BC0A1F662B38C6CD00CA7AB8 /* Message Reader.swift */; };
		BC0A1F692B38C6D700CA7AB8 /* Message Creator.swift in Sources */ = {isa = PBXBuildFile; fileRef = BC0A1F682B38C6D700CA7AB8 /* Message Creator.swift */; };
		BC0A1F6C2B39F93A00CA7AB8 /* Round and game win logic.swift in Sources */ = {isa = PBXBuildFile; fileRef = BC0A1F6B2B39F93A00CA7AB8 /* Round and game win logic.swift */; };
		BC3F4E9F2B37A4C1004D9FBA /* Card.swift in Sources */ = {isa = PBXBuildFile; fileRef = BC3F4E9E2B37A4C1004D9FBA /* Card.swift */; };
		BC5CA4E62B37981500D0D100 /* Settings.swift in Sources */ = {isa = PBXBuildFile; fileRef = BC5CA4E52B37981500D0D100 /* Settings.swift */; };
		BC5CA4E82B37982900D0D100 /* FinalWrappedExpandedView.swift in Sources */ = {isa = PBXBuildFile; fileRef = BC5CA4E72B37982900D0D100 /* FinalWrappedExpandedView.swift */; };
		BC5CA4EA2B37983200D0D100 /* Expanded.swift in Sources */ = {isa = PBXBuildFile; fileRef = BC5CA4E92B37983200D0D100 /* Expanded.swift */; };
		BC5CA4EC2B37984100D0D100 /* Wrapped Expanded.swift in Sources */ = {isa = PBXBuildFile; fileRef = BC5CA4EB2B37984100D0D100 /* Wrapped Expanded.swift */; };
		BC5CA4EF2B37986900D0D100 /* Compact.swift in Sources */ = {isa = PBXBuildFile; fileRef = BC5CA4EE2B37986900D0D100 /* Compact.swift */; };
		BC5CA4F12B37987300D0D100 /* WrappedCompact.swift in Sources */ = {isa = PBXBuildFile; fileRef = BC5CA4F02B37987300D0D100 /* WrappedCompact.swift */; };
		BC5CA4F42B37989000D0D100 /* Storage.swift in Sources */ = {isa = PBXBuildFile; fileRef = BC5CA4F32B37989000D0D100 /* Storage.swift */; };
		BC8305652B378DBF008CCAC7 /* Assets.xcassets in Resources */ = {isa = PBXBuildFile; fileRef = BC8305642B378DBF008CCAC7 /* Assets.xcassets */; };
		BC83056B2B378DBF008CCAC7 /* CardiMessageGame MessagesExtension.appex in Embed Foundation Extensions */ = {isa = PBXBuildFile; fileRef = BC83056A2B378DBF008CCAC7 /* CardiMessageGame MessagesExtension.appex */; settings = {ATTRIBUTES = (RemoveHeadersOnCopy, ); }; };
		BC8305702B378DBF008CCAC7 /* Messages.framework in Frameworks */ = {isa = PBXBuildFile; fileRef = BC83056F2B378DBF008CCAC7 /* Messages.framework */; };
		BC8305732B378DC0008CCAC7 /* MessagesViewController.swift in Sources */ = {isa = PBXBuildFile; fileRef = BC8305722B378DC0008CCAC7 /* MessagesViewController.swift */; };
		BC8305762B378DC0008CCAC7 /* MainInterface.storyboard in Resources */ = {isa = PBXBuildFile; fileRef = BC8305742B378DC0008CCAC7 /* MainInterface.storyboard */; };
		BC8305782B378DC0008CCAC7 /* Assets.xcassets in Resources */ = {isa = PBXBuildFile; fileRef = BC8305772B378DC0008CCAC7 /* Assets.xcassets */; };
		BC8305842B378DF3008CCAC7 /* MSMessage+Extensions.swift in Sources */ = {isa = PBXBuildFile; fileRef = BC8305832B378DF3008CCAC7 /* MSMessage+Extensions.swift */; };
		BC8305862B378E01008CCAC7 /* MSMessageDataDSL.swift in Sources */ = {isa = PBXBuildFile; fileRef = BC8305852B378E01008CCAC7 /* MSMessageDataDSL.swift */; };
		BCAA8D972B3D1D530058E729 /* Gameplay.swift in Sources */ = {isa = PBXBuildFile; fileRef = BCAA8D962B3D1D530058E729 /* Gameplay.swift */; };
/* End PBXBuildFile section */

/* Begin PBXContainerItemProxy section */
		BC83056C2B378DBF008CCAC7 /* PBXContainerItemProxy */ = {
			isa = PBXContainerItemProxy;
			containerPortal = BC83055B2B378DBE008CCAC7 /* Project object */;
			proxyType = 1;
			remoteGlobalIDString = BC8305692B378DBF008CCAC7;
			remoteInfo = "CardiMessageGame MessagesExtension";
		};
/* End PBXContainerItemProxy section */

/* Begin PBXCopyFilesBuildPhase section */
		BC83057F2B378DC0008CCAC7 /* Embed Foundation Extensions */ = {
			isa = PBXCopyFilesBuildPhase;
			buildActionMask = 2147483647;
			dstPath = "";
			dstSubfolderSpec = 13;
			files = (
				BC83056B2B378DBF008CCAC7 /* CardiMessageGame MessagesExtension.appex in Embed Foundation Extensions */,
			);
			name = "Embed Foundation Extensions";
			runOnlyForDeploymentPostprocessing = 0;
		};
/* End PBXCopyFilesBuildPhase section */

/* Begin PBXFileReference section */
		BC090F592B3D1DD100ABFC14 /* WinningStack.swift */ = {isa = PBXFileReference; lastKnownFileType = sourcecode.swift; path = WinningStack.swift; sourceTree = "<group>"; };
		BC090F5B2B3D1DDB00ABFC14 /* Help.swift */ = {isa = PBXFileReference; lastKnownFileType = sourcecode.swift; path = Help.swift; sourceTree = "<group>"; };
		BC090F5D2B3D1DE700ABFC14 /* CardView.swift */ = {isa = PBXFileReference; lastKnownFileType = sourcecode.swift; path = CardView.swift; sourceTree = "<group>"; };
		BC090F5F2B3D1DF500ABFC14 /* EmptyCard.swift */ = {isa = PBXFileReference; lastKnownFileType = sourcecode.swift; path = EmptyCard.swift; sourceTree = "<group>"; };
		BC090F612B3D1E0200ABFC14 /* BackCardView.swift */ = {isa = PBXFileReference; lastKnownFileType = sourcecode.swift; path = BackCardView.swift; sourceTree = "<group>"; };
		BC0A1F662B38C6CD00CA7AB8 /* Message Reader.swift */ = {isa = PBXFileReference; lastKnownFileType = sourcecode.swift; path = "Message Reader.swift"; sourceTree = "<group>"; };
		BC0A1F682B38C6D700CA7AB8 /* Message Creator.swift */ = {isa = PBXFileReference; lastKnownFileType = sourcecode.swift; path = "Message Creator.swift"; sourceTree = "<group>"; };
		BC0A1F6B2B39F93A00CA7AB8 /* Round and game win logic.swift */ = {isa = PBXFileReference; lastKnownFileType = sourcecode.swift; path = "Round and game win logic.swift"; sourceTree = "<group>"; };
		BC3F4E9E2B37A4C1004D9FBA /* Card.swift */ = {isa = PBXFileReference; lastKnownFileType = sourcecode.swift; path = Card.swift; sourceTree = "<group>"; };
		BC5CA4E52B37981500D0D100 /* Settings.swift */ = {isa = PBXFileReference; lastKnownFileType = sourcecode.swift; path = Settings.swift; sourceTree = "<group>"; };
		BC5CA4E72B37982900D0D100 /* FinalWrappedExpandedView.swift */ = {isa = PBXFileReference; lastKnownFileType = sourcecode.swift; path = FinalWrappedExpandedView.swift; sourceTree = "<group>"; };
		BC5CA4E92B37983200D0D100 /* Expanded.swift */ = {isa = PBXFileReference; lastKnownFileType = sourcecode.swift; path = Expanded.swift; sourceTree = "<group>"; };
		BC5CA4EB2B37984100D0D100 /* Wrapped Expanded.swift */ = {isa = PBXFileReference; lastKnownFileType = sourcecode.swift; path = "Wrapped Expanded.swift"; sourceTree = "<group>"; };
		BC5CA4EE2B37986900D0D100 /* Compact.swift */ = {isa = PBXFileReference; lastKnownFileType = sourcecode.swift; path = Compact.swift; sourceTree = "<group>"; };
		BC5CA4F02B37987300D0D100 /* WrappedCompact.swift */ = {isa = PBXFileReference; lastKnownFileType = sourcecode.swift; path = WrappedCompact.swift; sourceTree = "<group>"; };
		BC5CA4F32B37989000D0D100 /* Storage.swift */ = {isa = PBXFileReference; lastKnownFileType = sourcecode.swift; path = Storage.swift; sourceTree = "<group>"; };
		BC8305612B378DBE008CCAC7 /* CardiMessageGame.app */ = {isa = PBXFileReference; explicitFileType = wrapper.application; includeInIndex = 0; path = CardiMessageGame.app; sourceTree = BUILT_PRODUCTS_DIR; };
		BC8305642B378DBF008CCAC7 /* Assets.xcassets */ = {isa = PBXFileReference; lastKnownFileType = folder.assetcatalog; path = Assets.xcassets; sourceTree = "<group>"; };
		BC83056A2B378DBF008CCAC7 /* CardiMessageGame MessagesExtension.appex */ = {isa = PBXFileReference; explicitFileType = "wrapper.app-extension"; includeInIndex = 0; path = "CardiMessageGame MessagesExtension.appex"; sourceTree = BUILT_PRODUCTS_DIR; };
		BC83056F2B378DBF008CCAC7 /* Messages.framework */ = {isa = PBXFileReference; lastKnownFileType = wrapper.framework; name = Messages.framework; path = System/Library/Frameworks/Messages.framework; sourceTree = SDKROOT; };
		BC8305722B378DC0008CCAC7 /* MessagesViewController.swift */ = {isa = PBXFileReference; lastKnownFileType = sourcecode.swift; path = MessagesViewController.swift; sourceTree = "<group>"; };
		BC8305752B378DC0008CCAC7 /* Base */ = {isa = PBXFileReference; lastKnownFileType = file.storyboard; name = Base; path = Base.lproj/MainInterface.storyboard; sourceTree = "<group>"; };
		BC8305772B378DC0008CCAC7 /* Assets.xcassets */ = {isa = PBXFileReference; lastKnownFileType = folder.assetcatalog; path = Assets.xcassets; sourceTree = "<group>"; };
		BC8305792B378DC0008CCAC7 /* Info.plist */ = {isa = PBXFileReference; lastKnownFileType = text.plist.xml; path = Info.plist; sourceTree = "<group>"; };
		BC8305832B378DF3008CCAC7 /* MSMessage+Extensions.swift */ = {isa = PBXFileReference; lastKnownFileType = sourcecode.swift; path = "MSMessage+Extensions.swift"; sourceTree = "<group>"; };
		BC8305852B378E01008CCAC7 /* MSMessageDataDSL.swift */ = {isa = PBXFileReference; lastKnownFileType = sourcecode.swift; path = MSMessageDataDSL.swift; sourceTree = "<group>"; };
		BCAA8D962B3D1D530058E729 /* Gameplay.swift */ = {isa = PBXFileReference; lastKnownFileType = sourcecode.swift; path = Gameplay.swift; sourceTree = "<group>"; };
/* End PBXFileReference section */

/* Begin PBXFrameworksBuildPhase section */
		BC8305672B378DBF008CCAC7 /* Frameworks */ = {
			isa = PBXFrameworksBuildPhase;
			buildActionMask = 2147483647;
			files = (
				BC8305702B378DBF008CCAC7 /* Messages.framework in Frameworks */,
			);
			runOnlyForDeploymentPostprocessing = 0;
		};
/* End PBXFrameworksBuildPhase section */

/* Begin PBXGroup section */
		BC0A1F6A2B38C6DF00CA7AB8 /* MessagesViewController */ = {
			isa = PBXGroup;
			children = (
				BC8305722B378DC0008CCAC7 /* MessagesViewController.swift */,
				BC0A1F6B2B39F93A00CA7AB8 /* Round and game win logic.swift */,
				BC0A1F662B38C6CD00CA7AB8 /* Message Reader.swift */,
				BC0A1F682B38C6D700CA7AB8 /* Message Creator.swift */,
			);
			path = MessagesViewController;
			sourceTree = "<group>";
		};
		BC5CA4ED2B37985100D0D100 /* Expanded Views */ = {
			isa = PBXGroup;
			children = (
				BCAA8D982B3D1D590058E729 /* Gameplay */,
				BC5CA4E72B37982900D0D100 /* FinalWrappedExpandedView.swift */,
				BC5CA4EB2B37984100D0D100 /* Wrapped Expanded.swift */,
				BC5CA4E92B37983200D0D100 /* Expanded.swift */,
			);
			path = "Expanded Views";
			sourceTree = "<group>";
		};
		BC5CA4F22B37987E00D0D100 /* Compact Views */ = {
			isa = PBXGroup;
			children = (
				BC5CA4EE2B37986900D0D100 /* Compact.swift */,
				BC5CA4F02B37987300D0D100 /* WrappedCompact.swift */,
			);
			path = "Compact Views";
			sourceTree = "<group>";
		};
		BC83055A2B378DBE008CCAC7 = {
			isa = PBXGroup;
			children = (
				BC8305632B378DBE008CCAC7 /* CardiMessageGame */,
				BC8305712B378DBF008CCAC7 /* CardiMessageGame MessagesExtension */,
				BC83056E2B378DBF008CCAC7 /* Frameworks */,
				BC8305622B378DBE008CCAC7 /* Products */,
			);
			sourceTree = "<group>";
		};
		BC8305622B378DBE008CCAC7 /* Products */ = {
			isa = PBXGroup;
			children = (
				BC8305612B378DBE008CCAC7 /* CardiMessageGame.app */,
				BC83056A2B378DBF008CCAC7 /* CardiMessageGame MessagesExtension.appex */,
			);
			name = Products;
			sourceTree = "<group>";
		};
		BC8305632B378DBE008CCAC7 /* CardiMessageGame */ = {
			isa = PBXGroup;
			children = (
				BC8305642B378DBF008CCAC7 /* Assets.xcassets */,
			);
			path = CardiMessageGame;
			sourceTree = "<group>";
		};
		BC83056E2B378DBF008CCAC7 /* Frameworks */ = {
			isa = PBXGroup;
			children = (
				BC83056F2B378DBF008CCAC7 /* Messages.framework */,
			);
			name = Frameworks;
			sourceTree = "<group>";
		};
		BC8305712B378DBF008CCAC7 /* CardiMessageGame MessagesExtension */ = {
			isa = PBXGroup;
			children = (
				BC5CA4F32B37989000D0D100 /* Storage.swift */,
				BC3F4E9E2B37A4C1004D9FBA /* Card.swift */,
				BC5CA4F22B37987E00D0D100 /* Compact Views */,
				BC0A1F6A2B38C6DF00CA7AB8 /* MessagesViewController */,
				BC8305742B378DC0008CCAC7 /* MainInterface.storyboard */,
				BC8305772B378DC0008CCAC7 /* Assets.xcassets */,
				BC5CA4E52B37981500D0D100 /* Settings.swift */,
				BC5CA4ED2B37985100D0D100 /* Expanded Views */,
				BC8305792B378DC0008CCAC7 /* Info.plist */,
				BC8305872B378E08008CCAC7 /* Imessage Data Sender API */,
			);
			path = "CardiMessageGame MessagesExtension";
			sourceTree = "<group>";
		};
		BC8305872B378E08008CCAC7 /* Imessage Data Sender API */ = {
			isa = PBXGroup;
			children = (
				BC8305852B378E01008CCAC7 /* MSMessageDataDSL.swift */,
				BC8305832B378DF3008CCAC7 /* MSMessage+Extensions.swift */,
			);
			path = "Imessage Data Sender API";
			sourceTree = "<group>";
		};
		BCAA8D982B3D1D590058E729 /* Gameplay */ = {
			isa = PBXGroup;
			children = (
				BCAA8D962B3D1D530058E729 /* Gameplay.swift */,
				BC090F592B3D1DD100ABFC14 /* WinningStack.swift */,
				BC090F5B2B3D1DDB00ABFC14 /* Help.swift */,
				BC090F5D2B3D1DE700ABFC14 /* CardView.swift */,
				BC090F5F2B3D1DF500ABFC14 /* EmptyCard.swift */,
				BC090F612B3D1E0200ABFC14 /* BackCardView.swift */,
			);
			path = Gameplay;
			sourceTree = "<group>";
		};
/* End PBXGroup section */

/* Begin PBXNativeTarget section */
		BC8305602B378DBE008CCAC7 /* CardiMessageGame */ = {
			isa = PBXNativeTarget;
			buildConfigurationList = BC8305802B378DC0008CCAC7 /* Build configuration list for PBXNativeTarget "CardiMessageGame" */;
			buildPhases = (
				BC83055F2B378DBE008CCAC7 /* Resources */,
				BC83057F2B378DC0008CCAC7 /* Embed Foundation Extensions */,
			);
			buildRules = (
			);
			dependencies = (
				BC83056D2B378DBF008CCAC7 /* PBXTargetDependency */,
			);
			name = CardiMessageGame;
			productName = CardiMessageGame;
			productReference = BC8305612B378DBE008CCAC7 /* CardiMessageGame.app */;
			productType = "com.apple.product-type.application.messages";
		};
		BC8305692B378DBF008CCAC7 /* CardiMessageGame MessagesExtension */ = {
			isa = PBXNativeTarget;
			buildConfigurationList = BC83057C2B378DC0008CCAC7 /* Build configuration list for PBXNativeTarget "CardiMessageGame MessagesExtension" */;
			buildPhases = (
				BC8305662B378DBF008CCAC7 /* Sources */,
				BC8305672B378DBF008CCAC7 /* Frameworks */,
				BC8305682B378DBF008CCAC7 /* Resources */,
			);
			buildRules = (
			);
			dependencies = (
			);
			name = "CardiMessageGame MessagesExtension";
			productName = "CardiMessageGame MessagesExtension";
			productReference = BC83056A2B378DBF008CCAC7 /* CardiMessageGame MessagesExtension.appex */;
			productType = "com.apple.product-type.app-extension.messages";
		};
/* End PBXNativeTarget section */

/* Begin PBXProject section */
		BC83055B2B378DBE008CCAC7 /* Project object */ = {
			isa = PBXProject;
			attributes = {
				BuildIndependentTargetsInParallel = 1;
				LastSwiftUpdateCheck = 1510;
				LastUpgradeCheck = 1510;
				TargetAttributes = {
					BC8305602B378DBE008CCAC7 = {
						CreatedOnToolsVersion = 15.1;
					};
					BC8305692B378DBF008CCAC7 = {
						CreatedOnToolsVersion = 15.1;
					};
				};
			};
			buildConfigurationList = BC83055E2B378DBE008CCAC7 /* Build configuration list for PBXProject "CardiMessageGame" */;
			compatibilityVersion = "Xcode 14.0";
			developmentRegion = en;
			hasScannedForEncodings = 0;
			knownRegions = (
				en,
				Base,
			);
			mainGroup = BC83055A2B378DBE008CCAC7;
			productRefGroup = BC8305622B378DBE008CCAC7 /* Products */;
			projectDirPath = "";
			projectRoot = "";
			targets = (
				BC8305602B378DBE008CCAC7 /* CardiMessageGame */,
				BC8305692B378DBF008CCAC7 /* CardiMessageGame MessagesExtension */,
			);
		};
/* End PBXProject section */

/* Begin PBXResourcesBuildPhase section */
		BC83055F2B378DBE008CCAC7 /* Resources */ = {
			isa = PBXResourcesBuildPhase;
			buildActionMask = 2147483647;
			files = (
				BC8305652B378DBF008CCAC7 /* Assets.xcassets in Resources */,
			);
			runOnlyForDeploymentPostprocessing = 0;
		};
		BC8305682B378DBF008CCAC7 /* Resources */ = {
			isa = PBXResourcesBuildPhase;
			buildActionMask = 2147483647;
			files = (
				BC8305782B378DC0008CCAC7 /* Assets.xcassets in Resources */,
				BC8305762B378DC0008CCAC7 /* MainInterface.storyboard in Resources */,
			);
			runOnlyForDeploymentPostprocessing = 0;
		};
/* End PBXResourcesBuildPhase section */

/* Begin PBXSourcesBuildPhase section */
		BC8305662B378DBF008CCAC7 /* Sources */ = {
			isa = PBXSourcesBuildPhase;
			buildActionMask = 2147483647;
			files = (
				BC8305862B378E01008CCAC7 /* MSMessageDataDSL.swift in Sources */,
				BC5CA4E82B37982900D0D100 /* FinalWrappedExpandedView.swift in Sources */,
				BC5CA4EA2B37983200D0D100 /* Expanded.swift in Sources */,
				BC090F622B3D1E0200ABFC14 /* BackCardView.swift in Sources */,
				BC0A1F6C2B39F93A00CA7AB8 /* Round and game win logic.swift in Sources */,
				BC0A1F672B38C6CD00CA7AB8 /* Message Reader.swift in Sources */,
				BC8305732B378DC0008CCAC7 /* MessagesViewController.swift in Sources */,
				BC5CA4F12B37987300D0D100 /* WrappedCompact.swift in Sources */,
				BC5CA4EC2B37984100D0D100 /* Wrapped Expanded.swift in Sources */,
				BC5CA4E62B37981500D0D100 /* Settings.swift in Sources */,
				BC8305842B378DF3008CCAC7 /* MSMessage+Extensions.swift in Sources */,
				BC090F5E2B3D1DE700ABFC14 /* CardView.swift in Sources */,
				BC5CA4EF2B37986900D0D100 /* Compact.swift in Sources */,
				BC0A1F692B38C6D700CA7AB8 /* Message Creator.swift in Sources */,
				BC5CA4F42B37989000D0D100 /* Storage.swift in Sources */,
				BC090F5A2B3D1DD100ABFC14 /* WinningStack.swift in Sources */,
				BCAA8D972B3D1D530058E729 /* Gameplay.swift in Sources */,
				BC090F5C2B3D1DDB00ABFC14 /* Help.swift in Sources */,
				BC090F602B3D1DF500ABFC14 /* EmptyCard.swift in Sources */,
				BC3F4E9F2B37A4C1004D9FBA /* Card.swift in Sources */,
			);
			runOnlyForDeploymentPostprocessing = 0;
		};
/* End PBXSourcesBuildPhase section */

/* Begin PBXTargetDependency section */
		BC83056D2B378DBF008CCAC7 /* PBXTargetDependency */ = {
			isa = PBXTargetDependency;
			target = BC8305692B378DBF008CCAC7 /* CardiMessageGame MessagesExtension */;
			targetProxy = BC83056C2B378DBF008CCAC7 /* PBXContainerItemProxy */;
		};
/* End PBXTargetDependency section */

/* Begin PBXVariantGroup section */
		BC8305742B378DC0008CCAC7 /* MainInterface.storyboard */ = {
			isa = PBXVariantGroup;
			children = (
				BC8305752B378DC0008CCAC7 /* Base */,
			);
			name = MainInterface.storyboard;
			sourceTree = "<group>";
		};
/* End PBXVariantGroup section */

/* Begin XCBuildConfiguration section */
		BC83057A2B378DC0008CCAC7 /* Debug */ = {
			isa = XCBuildConfiguration;
			buildSettings = {
				ALWAYS_SEARCH_USER_PATHS = NO;
				ASSETCATALOG_COMPILER_GENERATE_SWIFT_ASSET_SYMBOL_EXTENSIONS = YES;
				CLANG_ANALYZER_NONNULL = YES;
				CLANG_ANALYZER_NUMBER_OBJECT_CONVERSION = YES_AGGRESSIVE;
				CLANG_CXX_LANGUAGE_STANDARD = "gnu++20";
				CLANG_ENABLE_MODULES = YES;
				CLANG_ENABLE_OBJC_ARC = YES;
				CLANG_ENABLE_OBJC_WEAK = YES;
				CLANG_WARN_BLOCK_CAPTURE_AUTORELEASING = YES;
				CLANG_WARN_BOOL_CONVERSION = YES;
				CLANG_WARN_COMMA = YES;
				CLANG_WARN_CONSTANT_CONVERSION = YES;
				CLANG_WARN_DEPRECATED_OBJC_IMPLEMENTATIONS = YES;
				CLANG_WARN_DIRECT_OBJC_ISA_USAGE = YES_ERROR;
				CLANG_WARN_DOCUMENTATION_COMMENTS = YES;
				CLANG_WARN_EMPTY_BODY = YES;
				CLANG_WARN_ENUM_CONVERSION = YES;
				CLANG_WARN_INFINITE_RECURSION = YES;
				CLANG_WARN_INT_CONVERSION = YES;
				CLANG_WARN_NON_LITERAL_NULL_CONVERSION = YES;
				CLANG_WARN_OBJC_IMPLICIT_RETAIN_SELF = YES;
				CLANG_WARN_OBJC_LITERAL_CONVERSION = YES;
				CLANG_WARN_OBJC_ROOT_CLASS = YES_ERROR;
				CLANG_WARN_QUOTED_INCLUDE_IN_FRAMEWORK_HEADER = YES;
				CLANG_WARN_RANGE_LOOP_ANALYSIS = YES;
				CLANG_WARN_STRICT_PROTOTYPES = YES;
				CLANG_WARN_SUSPICIOUS_MOVE = YES;
				CLANG_WARN_UNGUARDED_AVAILABILITY = YES_AGGRESSIVE;
				CLANG_WARN_UNREACHABLE_CODE = YES;
				CLANG_WARN__DUPLICATE_METHOD_MATCH = YES;
				COPY_PHASE_STRIP = NO;
				DEBUG_INFORMATION_FORMAT = dwarf;
				ENABLE_STRICT_OBJC_MSGSEND = YES;
				ENABLE_TESTABILITY = YES;
				ENABLE_USER_SCRIPT_SANDBOXING = YES;
				GCC_C_LANGUAGE_STANDARD = gnu17;
				GCC_DYNAMIC_NO_PIC = NO;
				GCC_NO_COMMON_BLOCKS = YES;
				GCC_OPTIMIZATION_LEVEL = 0;
				GCC_PREPROCESSOR_DEFINITIONS = (
					"DEBUG=1",
					"$(inherited)",
				);
				GCC_WARN_64_TO_32_BIT_CONVERSION = YES;
				GCC_WARN_ABOUT_RETURN_TYPE = YES_ERROR;
				GCC_WARN_UNDECLARED_SELECTOR = YES;
				GCC_WARN_UNINITIALIZED_AUTOS = YES_AGGRESSIVE;
				GCC_WARN_UNUSED_FUNCTION = YES;
				GCC_WARN_UNUSED_VARIABLE = YES;
				IPHONEOS_DEPLOYMENT_TARGET = 16.0;
				LOCALIZATION_PREFERS_STRING_CATALOGS = YES;
				MTL_ENABLE_DEBUG_INFO = INCLUDE_SOURCE;
				MTL_FAST_MATH = YES;
				ONLY_ACTIVE_ARCH = YES;
				SDKROOT = iphoneos;
				SWIFT_ACTIVE_COMPILATION_CONDITIONS = "DEBUG $(inherited)";
				SWIFT_OPTIMIZATION_LEVEL = "-Onone";
			};
			name = Debug;
		};
		BC83057B2B378DC0008CCAC7 /* Release */ = {
			isa = XCBuildConfiguration;
			buildSettings = {
				ALWAYS_SEARCH_USER_PATHS = NO;
				ASSETCATALOG_COMPILER_GENERATE_SWIFT_ASSET_SYMBOL_EXTENSIONS = YES;
				CLANG_ANALYZER_NONNULL = YES;
				CLANG_ANALYZER_NUMBER_OBJECT_CONVERSION = YES_AGGRESSIVE;
				CLANG_CXX_LANGUAGE_STANDARD = "gnu++20";
				CLANG_ENABLE_MODULES = YES;
				CLANG_ENABLE_OBJC_ARC = YES;
				CLANG_ENABLE_OBJC_WEAK = YES;
				CLANG_WARN_BLOCK_CAPTURE_AUTORELEASING = YES;
				CLANG_WARN_BOOL_CONVERSION = YES;
				CLANG_WARN_COMMA = YES;
				CLANG_WARN_CONSTANT_CONVERSION = YES;
				CLANG_WARN_DEPRECATED_OBJC_IMPLEMENTATIONS = YES;
				CLANG_WARN_DIRECT_OBJC_ISA_USAGE = YES_ERROR;
				CLANG_WARN_DOCUMENTATION_COMMENTS = YES;
				CLANG_WARN_EMPTY_BODY = YES;
				CLANG_WARN_ENUM_CONVERSION = YES;
				CLANG_WARN_INFINITE_RECURSION = YES;
				CLANG_WARN_INT_CONVERSION = YES;
				CLANG_WARN_NON_LITERAL_NULL_CONVERSION = YES;
				CLANG_WARN_OBJC_IMPLICIT_RETAIN_SELF = YES;
				CLANG_WARN_OBJC_LITERAL_CONVERSION = YES;
				CLANG_WARN_OBJC_ROOT_CLASS = YES_ERROR;
				CLANG_WARN_QUOTED_INCLUDE_IN_FRAMEWORK_HEADER = YES;
				CLANG_WARN_RANGE_LOOP_ANALYSIS = YES;
				CLANG_WARN_STRICT_PROTOTYPES = YES;
				CLANG_WARN_SUSPICIOUS_MOVE = YES;
				CLANG_WARN_UNGUARDED_AVAILABILITY = YES_AGGRESSIVE;
				CLANG_WARN_UNREACHABLE_CODE = YES;
				CLANG_WARN__DUPLICATE_METHOD_MATCH = YES;
				COPY_PHASE_STRIP = NO;
				DEBUG_INFORMATION_FORMAT = "dwarf-with-dsym";
				ENABLE_NS_ASSERTIONS = NO;
				ENABLE_STRICT_OBJC_MSGSEND = YES;
				ENABLE_USER_SCRIPT_SANDBOXING = YES;
				GCC_C_LANGUAGE_STANDARD = gnu17;
				GCC_NO_COMMON_BLOCKS = YES;
				GCC_WARN_64_TO_32_BIT_CONVERSION = YES;
				GCC_WARN_ABOUT_RETURN_TYPE = YES_ERROR;
				GCC_WARN_UNDECLARED_SELECTOR = YES;
				GCC_WARN_UNINITIALIZED_AUTOS = YES_AGGRESSIVE;
				GCC_WARN_UNUSED_FUNCTION = YES;
				GCC_WARN_UNUSED_VARIABLE = YES;
				IPHONEOS_DEPLOYMENT_TARGET = 16.0;
				LOCALIZATION_PREFERS_STRING_CATALOGS = YES;
				MTL_ENABLE_DEBUG_INFO = NO;
				MTL_FAST_MATH = YES;
				SDKROOT = iphoneos;
				SWIFT_COMPILATION_MODE = wholemodule;
				VALIDATE_PRODUCT = YES;
			};
			name = Release;
		};
		BC83057D2B378DC0008CCAC7 /* Debug */ = {
			isa = XCBuildConfiguration;
			buildSettings = {
				ASSETCATALOG_COMPILER_APPICON_NAME = "iMessage App Icon";
				CODE_SIGN_STYLE = Automatic;
				CURRENT_PROJECT_VERSION = 1;
				DEVELOPMENT_TEAM = K5ZKPZ2Y2S;
				GENERATE_INFOPLIST_FILE = YES;
				INFOPLIST_FILE = "CardiMessageGame MessagesExtension/Info.plist";
				INFOPLIST_KEY_CFBundleDisplayName = CardiMessageGame;
				INFOPLIST_KEY_NSHumanReadableCopyright = "";
				IPHONEOS_DEPLOYMENT_TARGET = 15.0;
				LD_RUNPATH_SEARCH_PATHS = (
					"$(inherited)",
					"@executable_path/Frameworks",
					"@executable_path/../../Frameworks",
				);
				MARKETING_VERSION = 1.0;
				PRODUCT_BUNDLE_IDENTIFIER = Carter.CardiMessageGame.MessagesExtension;
				PRODUCT_NAME = "$(TARGET_NAME)";
				SKIP_INSTALL = YES;
				SWIFT_EMIT_LOC_STRINGS = YES;
				SWIFT_VERSION = 5.0;
				TARGETED_DEVICE_FAMILY = "1,2";
			};
			name = Debug;
		};
		BC83057E2B378DC0008CCAC7 /* Release */ = {
			isa = XCBuildConfiguration;
			buildSettings = {
				ASSETCATALOG_COMPILER_APPICON_NAME = "iMessage App Icon";
				CODE_SIGN_STYLE = Automatic;
				CURRENT_PROJECT_VERSION = 1;
				DEVELOPMENT_TEAM = K5ZKPZ2Y2S;
				GENERATE_INFOPLIST_FILE = YES;
				INFOPLIST_FILE = "CardiMessageGame MessagesExtension/Info.plist";
				INFOPLIST_KEY_CFBundleDisplayName = CardiMessageGame;
				INFOPLIST_KEY_NSHumanReadableCopyright = "";
				IPHONEOS_DEPLOYMENT_TARGET = 15.0;
				LD_RUNPATH_SEARCH_PATHS = (
					"$(inherited)",
					"@executable_path/Frameworks",
					"@executable_path/../../Frameworks",
				);
				MARKETING_VERSION = 1.0;
				PRODUCT_BUNDLE_IDENTIFIER = Carter.CardiMessageGame.MessagesExtension;
				PRODUCT_NAME = "$(TARGET_NAME)";
				SKIP_INSTALL = YES;
				SWIFT_EMIT_LOC_STRINGS = YES;
				SWIFT_VERSION = 5.0;
				TARGETED_DEVICE_FAMILY = "1,2";
			};
			name = Release;
		};
		BC8305812B378DC0008CCAC7 /* Debug */ = {
			isa = XCBuildConfiguration;
			buildSettings = {
				ALWAYS_EMBED_SWIFT_STANDARD_LIBRARIES = YES;
				ASSETCATALOG_COMPILER_APPICON_NAME = AppIcon;
				CODE_SIGN_STYLE = Automatic;
				CURRENT_PROJECT_VERSION = 1;
				DEVELOPMENT_TEAM = K5ZKPZ2Y2S;
				GENERATE_INFOPLIST_FILE = YES;
				INFOPLIST_KEY_UILaunchStoryboardName = LaunchScreen;
				INFOPLIST_KEY_UISupportedInterfaceOrientations_iPad = "UIInterfaceOrientationPortrait UIInterfaceOrientationPortraitUpsideDown UIInterfaceOrientationLandscapeLeft UIInterfaceOrientationLandscapeRight";
				INFOPLIST_KEY_UISupportedInterfaceOrientations_iPhone = "UIInterfaceOrientationPortrait UIInterfaceOrientationLandscapeLeft UIInterfaceOrientationLandscapeRight";
				IPHONEOS_DEPLOYMENT_TARGET = 15.0;
				MARKETING_VERSION = 1.0;
				PRODUCT_BUNDLE_IDENTIFIER = Carter.CardiMessageGame;
				PRODUCT_NAME = "$(TARGET_NAME)";
				SWIFT_EMIT_LOC_STRINGS = YES;
				SWIFT_VERSION = 5.0;
				TARGETED_DEVICE_FAMILY = "1,2";
			};
			name = Debug;
		};
		BC8305822B378DC0008CCAC7 /* Release */ = {
			isa = XCBuildConfiguration;
			buildSettings = {
				ALWAYS_EMBED_SWIFT_STANDARD_LIBRARIES = YES;
				ASSETCATALOG_COMPILER_APPICON_NAME = AppIcon;
				CODE_SIGN_STYLE = Automatic;
				CURRENT_PROJECT_VERSION = 1;
				DEVELOPMENT_TEAM = K5ZKPZ2Y2S;
				GENERATE_INFOPLIST_FILE = YES;
				INFOPLIST_KEY_UILaunchStoryboardName = LaunchScreen;
				INFOPLIST_KEY_UISupportedInterfaceOrientations_iPad = "UIInterfaceOrientationPortrait UIInterfaceOrientationPortraitUpsideDown UIInterfaceOrientationLandscapeLeft UIInterfaceOrientationLandscapeRight";
				INFOPLIST_KEY_UISupportedInterfaceOrientations_iPhone = "UIInterfaceOrientationPortrait UIInterfaceOrientationLandscapeLeft UIInterfaceOrientationLandscapeRight";
				IPHONEOS_DEPLOYMENT_TARGET = 15.0;
				MARKETING_VERSION = 1.0;
				PRODUCT_BUNDLE_IDENTIFIER = Carter.CardiMessageGame;
				PRODUCT_NAME = "$(TARGET_NAME)";
				SWIFT_EMIT_LOC_STRINGS = YES;
				SWIFT_VERSION = 5.0;
				TARGETED_DEVICE_FAMILY = "1,2";
			};
			name = Release;
		};
/* End XCBuildConfiguration section */

/* Begin XCConfigurationList section */
		BC83055E2B378DBE008CCAC7 /* Build configuration list for PBXProject "CardiMessageGame" */ = {
			isa = XCConfigurationList;
			buildConfigurations = (
				BC83057A2B378DC0008CCAC7 /* Debug */,
				BC83057B2B378DC0008CCAC7 /* Release */,
			);
			defaultConfigurationIsVisible = 0;
			defaultConfigurationName = Release;
		};
		BC83057C2B378DC0008CCAC7 /* Build configuration list for PBXNativeTarget "CardiMessageGame MessagesExtension" */ = {
			isa = XCConfigurationList;
			buildConfigurations = (
				BC83057D2B378DC0008CCAC7 /* Debug */,
				BC83057E2B378DC0008CCAC7 /* Release */,
			);
			defaultConfigurationIsVisible = 0;
			defaultConfigurationName = Release;
		};
		BC8305802B378DC0008CCAC7 /* Build configuration list for PBXNativeTarget "CardiMessageGame" */ = {
			isa = XCConfigurationList;
			buildConfigurations = (
				BC8305812B378DC0008CCAC7 /* Debug */,
				BC8305822B378DC0008CCAC7 /* Release */,
			);
			defaultConfigurationIsVisible = 0;
			defaultConfigurationName = Release;
		};
/* End XCConfigurationList section */
	};
	rootObject = BC83055B2B378DBE008CCAC7 /* Project object */;
}
